
Microsoft Visual Studio Solution File, Format Version 12.00
Project("{FAE04EC0-301F-11D3-BF4B-00C04F79EFBC}") = "Clean.Web", "Clean.Web\Clean.Web.csproj", "{7CD5B68E-1623-416C-BB14-DBBFCC51C4A2}"
EndProject
Project("{FAE04EC0-301F-11D3-BF4B-00C04F79EFBC}") = "Clean.Domain", "Clean.Domain\Clean.Domain.csproj", "{C511AD12-FCC4-4226-86AE-BE24634EA3C4}"
EndProject
Project("{FAE04EC0-301F-11D3-BF4B-00C04F79EFBC}") = "Clean.Infrastructure", "Clean.Infrastructure\Clean.Infrastructure.csproj", "{3A93386C-EED8-4D2A-8230-8030DCF962DA}"
EndProject
Project("{FAE04EC0-301F-11D3-BF4B-00C04F79EFBC}") = "Clean.Application", "Clean.Application\Clean.Application.csproj", "{BC04CE4F-E539-474E-A521-EA12E61E66EB}"
EndProject
Global
	GlobalSection(SolutionConfigurationPlatforms) = preSolution
		Debug|Any CPU = Debug|Any CPU
		Release|Any CPU = Release|Any CPU
	EndGlobalSection
	GlobalSection(ProjectConfigurationPlatforms) = postSolution
		{7CD5B68E-1623-416C-BB14-DBBFCC51C4A2}.Debug|Any CPU.ActiveCfg = Debug|Any CPU
		{7CD5B68E-1623-416C-BB14-DBBFCC51C4A2}.Debug|Any CPU.Build.0 = Debug|Any CPU
		{7CD5B68E-1623-416C-BB14-DBBFCC51C4A2}.Release|Any CPU.ActiveCfg = Release|Any CPU
		{7CD5B68E-1623-416C-BB14-DBBFCC51C4A2}.Release|Any CPU.Build.0 = Release|Any CPU
		{C511AD12-FCC4-4226-86AE-BE24634EA3C4}.Debug|Any CPU.ActiveCfg = Debug|Any CPU
		{C511AD12-FCC4-4226-86AE-BE24634EA3C4}.Debug|Any CPU.Build.0 = Debug|Any CPU
		{C511AD12-FCC4-4226-86AE-BE24634EA3C4}.Release|Any CPU.ActiveCfg = Release|Any CPU
		{C511AD12-FCC4-4226-86AE-BE24634EA3C4}.Release|Any CPU.Build.0 = Release|Any CPU
		{3A93386C-EED8-4D2A-8230-8030DCF962DA}.Debug|Any CPU.ActiveCfg = Debug|Any CPU
		{3A93386C-EED8-4D2A-8230-8030DCF962DA}.Debug|Any CPU.Build.0 = Debug|Any CPU
		{3A93386C-EED8-4D2A-8230-8030DCF962DA}.Release|Any CPU.ActiveCfg = Release|Any CPU
		{3A93386C-EED8-4D2A-8230-8030DCF962DA}.Release|Any CPU.Build.0 = Release|Any CPU
		{BC04CE4F-E539-474E-A521-EA12E61E66EB}.Debug|Any CPU.ActiveCfg = Debug|Any CPU
		{BC04CE4F-E539-474E-A521-EA12E61E66EB}.Debug|Any CPU.Build.0 = Debug|Any CPU
		{BC04CE4F-E539-474E-A521-EA12E61E66EB}.Release|Any CPU.ActiveCfg = Release|Any CPU
		{BC04CE4F-E539-474E-A521-EA12E61E66EB}.Release|Any CPU.Build.0 = Release|Any CPU
	EndGlobalSection
EndGlobal
